
Microsoft Visual Studio Solution File, Format Version 12.00
# Visual Studio Version 17
VisualStudioVersion = 17.12.35527.113 d17.12
MinimumVisualStudioVersion = 10.0.40219.1
Project("{FAE04EC0-301F-11D3-BF4B-00C04F79EFBC}") = "namesodev", "namesodev\namesodev.csproj", "{4E08D61F-D1B3-4610-80C0-FBFDA22C420D}"
EndProject
Global
	GlobalSection(SolutionConfigurationPlatforms) = preSolution
		Debug|Any CPU = Debug|Any CPU
		Release|Any CPU = Release|Any CPU
	EndGlobalSection
	GlobalSection(ProjectConfigurationPlatforms) = postSolution
		{4E08D61F-D1B3-4610-80C0-FBFDA22C420D}.Debug|Any CPU.ActiveCfg = Debug|Any CPU
		{4E08D61F-D1B3-4610-80C0-FBFDA22C420D}.Debug|Any CPU.Build.0 = Debug|Any CPU
		{4E08D61F-D1B3-4610-80C0-FBFDA22C420D}.Release|Any CPU.ActiveCfg = Release|Any CPU
		{4E08D61F-D1B3-4610-80C0-FBFDA22C420D}.Release|Any CPU.Build.0 = Release|Any CPU
	EndGlobalSection
	GlobalSection(SolutionProperties) = preSolution
		HideSolutionNode = FALSE
	EndGlobalSection
EndGlobal
