
Microsoft Visual Studio Solution File, Format Version 12.00
# Visual Studio Version 17
VisualStudioVersion = 17.12.35527.113 d17.12
MinimumVisualStudioVersion = 10.0.40219.1
Project("{FAE04EC0-301F-11D3-BF4B-00C04F79EFBC}") = "form1", "form1\form1.csproj", "{E3D76EC6-61E7-45A9-9E96-2A097A13E1C1}"
EndProject
Global
	GlobalSection(SolutionConfigurationPlatforms) = preSolution
		Debug|Any CPU = Debug|Any CPU
		Release|Any CPU = Release|Any CPU
	EndGlobalSection
	GlobalSection(ProjectConfigurationPlatforms) = postSolution
		{E3D76EC6-61E7-45A9-9E96-2A097A13E1C1}.Debug|Any CPU.ActiveCfg = Debug|Any CPU
		{E3D76EC6-61E7-45A9-9E96-2A097A13E1C1}.Debug|Any CPU.Build.0 = Debug|Any CPU
		{E3D76EC6-61E7-45A9-9E96-2A097A13E1C1}.Release|Any CPU.ActiveCfg = Release|Any CPU
		{E3D76EC6-61E7-45A9-9E96-2A097A13E1C1}.Release|Any CPU.Build.0 = Release|Any CPU
	EndGlobalSection
	GlobalSection(SolutionProperties) = preSolution
		HideSolutionNode = FALSE
	EndGlobalSection
EndGlobal
