
Microsoft Visual Studio Solution File, Format Version 12.00
# Visual Studio Version 17
VisualStudioVersion = 17.12.35527.113 d17.12
MinimumVisualStudioVersion = 10.0.40219.1
Project("{FAE04EC0-301F-11D3-BF4B-00C04F79EFBC}") = "ConstructorOrnek", "ConstructorOrnek\ConstructorOrnek.csproj", "{996F6F7F-80A5-4893-95A0-0A7EF6968105}"
EndProject
Global
	GlobalSection(SolutionConfigurationPlatforms) = preSolution
		Debug|Any CPU = Debug|Any CPU
		Release|Any CPU = Release|Any CPU
	EndGlobalSection
	GlobalSection(ProjectConfigurationPlatforms) = postSolution
		{996F6F7F-80A5-4893-95A0-0A7EF6968105}.Debug|Any CPU.ActiveCfg = Debug|Any CPU
		{996F6F7F-80A5-4893-95A0-0A7EF6968105}.Debug|Any CPU.Build.0 = Debug|Any CPU
		{996F6F7F-80A5-4893-95A0-0A7EF6968105}.Release|Any CPU.ActiveCfg = Release|Any CPU
		{996F6F7F-80A5-4893-95A0-0A7EF6968105}.Release|Any CPU.Build.0 = Release|Any CPU
	EndGlobalSection
	GlobalSection(SolutionProperties) = preSolution
		HideSolutionNode = FALSE
	EndGlobalSection
EndGlobal
