
Microsoft Visual Studio Solution File, Format Version 12.00
# Visual Studio Version 17
VisualStudioVersion = 17.13.35931.197 d17.13
MinimumVisualStudioVersion = 10.0.40219.1
Project("{FAE04EC0-301F-11D3-BF4B-00C04F79EFBC}") = "CustomAttributeOrnek", "CustomAttributeOrnek\CustomAttributeOrnek.csproj", "{DD9A933E-F125-4C72-82E0-49CD00201C63}"
EndProject
Global
	GlobalSection(SolutionConfigurationPlatforms) = preSolution
		Debug|Any CPU = Debug|Any CPU
		Release|Any CPU = Release|Any CPU
	EndGlobalSection
	GlobalSection(ProjectConfigurationPlatforms) = postSolution
		{DD9A933E-F125-4C72-82E0-49CD00201C63}.Debug|Any CPU.ActiveCfg = Debug|Any CPU
		{DD9A933E-F125-4C72-82E0-49CD00201C63}.Debug|Any CPU.Build.0 = Debug|Any CPU
		{DD9A933E-F125-4C72-82E0-49CD00201C63}.Release|Any CPU.ActiveCfg = Release|Any CPU
		{DD9A933E-F125-4C72-82E0-49CD00201C63}.Release|Any CPU.Build.0 = Release|Any CPU
	EndGlobalSection
	GlobalSection(SolutionProperties) = preSolution
		HideSolutionNode = FALSE
	EndGlobalSection
	GlobalSection(ExtensibilityGlobals) = postSolution
		SolutionGuid = {70122E02-1CA7-41BA-82B6-BC989A8037F2}
	EndGlobalSection
EndGlobal
